
Microsoft Visual Studio Solution File, Format Version 12.00
# Visual Studio Version 17
VisualStudioVersion = 17.0.31903.59
MinimumVisualStudioVersion = 10.0.40219.1
Project("{2150E333-8FDC-42A3-9474-1A3956D46DE8}") = "src", "src", "{A9DB8E8E-0307-4B07-8FC4-ACE2078F1204}"
EndProject
Project("{FAE04EC0-301F-11D3-BF4B-00C04F79EFBC}") = "EriReborn.Core", "src\EriReborn.Core\EriReborn.Core.csproj", "{6290322D-02BA-48DC-84C2-4D2EE50C9C32}"
EndProject
Project("{FAE04EC0-301F-11D3-BF4B-00C04F79EFBC}") = "EriReborn.Platform.Abstractions", "src\EriReborn.Platform.Abstractions\EriReborn.Platform.Abstractions.csproj", "{404C5FA8-0246-4E6C-9B9D-85B1A2BD94DB}"
EndProject
Project("{FAE04EC0-301F-11D3-BF4B-00C04F79EFBC}") = "EriReborn.Cloud", "src\EriReborn.Cloud\EriReborn.Cloud.csproj", "{2CED9F3E-B327-4BA7-97F0-75AF5A8467EE}"
EndProject
Project("{FAE04EC0-301F-11D3-BF4B-00C04F79EFBC}") = "EriReborn.Skin", "src\EriReborn.Skin\EriReborn.Skin.csproj", "{78193161-8D42-4596-9343-3F1902E3D778}"
EndProject
Project("{FAE04EC0-301F-11D3-BF4B-00C04F79EFBC}") = "EriReborn.Asset", "src\EriReborn.Asset\EriReborn.Asset.csproj", "{206D64B8-35C7-461B-B2FC-03F0C3415FD0}"
EndProject
Project("{FAE04EC0-301F-11D3-BF4B-00C04F79EFBC}") = "EriReborn.Extension", "src\EriReborn.Extension\EriReborn.Extension.csproj", "{61819E95-E769-4E19-8629-B8FF3E9EF425}"
EndProject
Project("{FAE04EC0-301F-11D3-BF4B-00C04F79EFBC}") = "EriReborn.Engine", "src\EriReborn.Engine\EriReborn.Engine.csproj", "{8E9E9675-A072-4930-8A3C-C7E9A49A7D51}"
EndProject
Project("{FAE04EC0-301F-11D3-BF4B-00C04F79EFBC}") = "EriReborn.Platform.Windows", "src\EriReborn.Platform.Windows\EriReborn.Platform.Windows.csproj", "{9E8D90C8-9A77-4F07-8E8F-60A4EA74E862}"
EndProject
Project("{FAE04EC0-301F-11D3-BF4B-00C04F79EFBC}") = "EriReborn.App.Shared", "src\EriReborn.App.Shared\EriReborn.App.Shared.csproj", "{394149C7-2242-4466-A7A5-6747A99FD715}"
EndProject
Project("{FAE04EC0-301F-11D3-BF4B-00C04F79EFBC}") = "EriReborn.UI.Avalonia", "src\EriReborn.UI.Avalonia\EriReborn.UI.Avalonia.csproj", "{68CEDF73-0564-4F30-B08F-AE571F456D7C}"
EndProject
Project("{FAE04EC0-301F-11D3-BF4B-00C04F79EFBC}") = "EriReborn.Desktop", "src\EriReborn.Desktop\EriReborn.Desktop.csproj", "{FDC0991E-05AC-4BEB-BEA8-EDF454D0E21C}"
EndProject
Project("{2150E333-8FDC-42A3-9474-1A3956D46DE8}") = "tests", "tests", "{14F42EC2-57D6-4D9F-A494-B6579FBC4CE9}"
EndProject
Project("{FAE04EC0-301F-11D3-BF4B-00C04F79EFBC}") = "EriReborn.Core.Tests", "tests\EriReborn.Core.Tests\EriReborn.Core.Tests.csproj", "{EA0E9EEF-B5D6-4B93-9FA9-889876991E0D}"
EndProject
Project("{2150E333-8FDC-42A3-9474-1A3956D46DE8}") = "tools", "tools", "{71B7B0AD-BAA0-4427-A77F-682599AF9157}"
EndProject
Project("{FAE04EC0-301F-11D3-BF4B-00C04F79EFBC}") = "EriReborn.Tools.CatalogMigration", "tools\EriReborn.Tools.CatalogMigration\EriReborn.Tools.CatalogMigration.csproj", "{328A5911-8AC8-46F7-8D41-88FA65B80D00}"
EndProject
Project("{FAE04EC0-301F-11D3-BF4B-00C04F79EFBC}") = "EriReborn.Windows.Tests", "tests\EriReborn.Windows.Tests\EriReborn.Windows.Tests.csproj", "{A858B7CD-0343-4546-910D-27ACF9D3382F}"
EndProject
Project("{FAE04EC0-301F-11D3-BF4B-00C04F79EFBC}") = "EriReborn.Tools.Smoke", "tools\EriReborn.Tools.Smoke\EriReborn.Tools.Smoke.csproj", "{B4E0785D-81C9-446E-8F79-FA9E52060C88}"
EndProject
Project("{2150E333-8FDC-42A3-9474-1A3956D46DE8}") = "samples", "samples", "{04CF0046-3A08-4339-A85E-49DA116D78E3}"
EndProject
Project("{FAE04EC0-301F-11D3-BF4B-00C04F79EFBC}") = "EriReborn.SampleExtension", "samples\EriReborn.SampleExtension\EriReborn.SampleExtension.csproj", "{D76FC389-B27F-4665-923D-664B58948C73}"
EndProject
Project("{FAE04EC0-301F-11D3-BF4B-00C04F79EFBC}") = "EriReborn.Layout", "src\EriReborn.Layout\EriReborn.Layout.csproj", "{D93BD9A4-4E1E-4459-8480-72FDFA4E1924}"
EndProject
Project("{FAE04EC0-301F-11D3-BF4B-00C04F79EFBC}") = "EriReborn.Persona", "src\EriReborn.Persona\EriReborn.Persona.csproj", "{437A26DC-712F-428F-91BE-C35F5186829E}"
EndProject
Project("{FAE04EC0-301F-11D3-BF4B-00C04F79EFBC}") = "EriReborn.Extension.Host", "tools\EriReborn.Extension.Host\EriReborn.Extension.Host.csproj", "{FE578CAE-EC68-4C98-98DE-991BC88A270A}"
EndProject
Project("{2150E333-8FDC-42A3-9474-1A3956D46DE8}") = "Extensions", "Extensions", "{9AD10D26-8EA9-41F0-8D22-B48F110C1D17}"
EndProject
Project("{FAE04EC0-301F-11D3-BF4B-00C04F79EFBC}") = "EriReborn.Ext.Reader", "src\Extensions\EriReborn.Ext.Reader\EriReborn.Ext.Reader.csproj", "{3F326685-24C7-4F95-AE9D-10D062DFE205}"
EndProject
Global
	GlobalSection(SolutionConfigurationPlatforms) = preSolution
		Debug|Any CPU = Debug|Any CPU
		Release|Any CPU = Release|Any CPU
	EndGlobalSection
	GlobalSection(SolutionProperties) = preSolution
		HideSolutionNode = FALSE
	EndGlobalSection
	GlobalSection(ProjectConfigurationPlatforms) = postSolution
		{6290322D-02BA-48DC-84C2-4D2EE50C9C32}.Debug|Any CPU.ActiveCfg = Debug|Any CPU
		{6290322D-02BA-48DC-84C2-4D2EE50C9C32}.Debug|Any CPU.Build.0 = Debug|Any CPU
		{6290322D-02BA-48DC-84C2-4D2EE50C9C32}.Release|Any CPU.ActiveCfg = Release|Any CPU
		{6290322D-02BA-48DC-84C2-4D2EE50C9C32}.Release|Any CPU.Build.0 = Release|Any CPU
		{404C5FA8-0246-4E6C-9B9D-85B1A2BD94DB}.Debug|Any CPU.ActiveCfg = Debug|Any CPU
		{404C5FA8-0246-4E6C-9B9D-85B1A2BD94DB}.Debug|Any CPU.Build.0 = Debug|Any CPU
		{404C5FA8-0246-4E6C-9B9D-85B1A2BD94DB}.Release|Any CPU.ActiveCfg = Release|Any CPU
		{404C5FA8-0246-4E6C-9B9D-85B1A2BD94DB}.Release|Any CPU.Build.0 = Release|Any CPU
		{2CED9F3E-B327-4BA7-97F0-75AF5A8467EE}.Debug|Any CPU.ActiveCfg = Debug|Any CPU
		{2CED9F3E-B327-4BA7-97F0-75AF5A8467EE}.Debug|Any CPU.Build.0 = Debug|Any CPU
		{2CED9F3E-B327-4BA7-97F0-75AF5A8467EE}.Release|Any CPU.ActiveCfg = Release|Any CPU
		{2CED9F3E-B327-4BA7-97F0-75AF5A8467EE}.Release|Any CPU.Build.0 = Release|Any CPU
		{78193161-8D42-4596-9343-3F1902E3D778}.Debug|Any CPU.ActiveCfg = Debug|Any CPU
		{78193161-8D42-4596-9343-3F1902E3D778}.Debug|Any CPU.Build.0 = Debug|Any CPU
		{78193161-8D42-4596-9343-3F1902E3D778}.Release|Any CPU.ActiveCfg = Release|Any CPU
		{78193161-8D42-4596-9343-3F1902E3D778}.Release|Any CPU.Build.0 = Release|Any CPU
		{206D64B8-35C7-461B-B2FC-03F0C3415FD0}.Debug|Any CPU.ActiveCfg = Debug|Any CPU
		{206D64B8-35C7-461B-B2FC-03F0C3415FD0}.Debug|Any CPU.Build.0 = Debug|Any CPU
		{206D64B8-35C7-461B-B2FC-03F0C3415FD0}.Release|Any CPU.ActiveCfg = Release|Any CPU
		{206D64B8-35C7-461B-B2FC-03F0C3415FD0}.Release|Any CPU.Build.0 = Release|Any CPU
		{61819E95-E769-4E19-8629-B8FF3E9EF425}.Debug|Any CPU.ActiveCfg = Debug|Any CPU
		{61819E95-E769-4E19-8629-B8FF3E9EF425}.Debug|Any CPU.Build.0 = Debug|Any CPU
		{61819E95-E769-4E19-8629-B8FF3E9EF425}.Release|Any CPU.ActiveCfg = Release|Any CPU
		{61819E95-E769-4E19-8629-B8FF3E9EF425}.Release|Any CPU.Build.0 = Release|Any CPU
		{8E9E9675-A072-4930-8A3C-C7E9A49A7D51}.Debug|Any CPU.ActiveCfg = Debug|Any CPU
		{8E9E9675-A072-4930-8A3C-C7E9A49A7D51}.Debug|Any CPU.Build.0 = Debug|Any CPU
		{8E9E9675-A072-4930-8A3C-C7E9A49A7D51}.Release|Any CPU.ActiveCfg = Release|Any CPU
		{8E9E9675-A072-4930-8A3C-C7E9A49A7D51}.Release|Any CPU.Build.0 = Release|Any CPU
		{9E8D90C8-9A77-4F07-8E8F-60A4EA74E862}.Debug|Any CPU.ActiveCfg = Debug|Any CPU
		{9E8D90C8-9A77-4F07-8E8F-60A4EA74E862}.Debug|Any CPU.Build.0 = Debug|Any CPU
		{9E8D90C8-9A77-4F07-8E8F-60A4EA74E862}.Release|Any CPU.ActiveCfg = Release|Any CPU
		{9E8D90C8-9A77-4F07-8E8F-60A4EA74E862}.Release|Any CPU.Build.0 = Release|Any CPU
		{394149C7-2242-4466-A7A5-6747A99FD715}.Debug|Any CPU.ActiveCfg = Debug|Any CPU
		{394149C7-2242-4466-A7A5-6747A99FD715}.Debug|Any CPU.Build.0 = Debug|Any CPU
		{394149C7-2242-4466-A7A5-6747A99FD715}.Release|Any CPU.ActiveCfg = Release|Any CPU
		{394149C7-2242-4466-A7A5-6747A99FD715}.Release|Any CPU.Build.0 = Release|Any CPU
		{68CEDF73-0564-4F30-B08F-AE571F456D7C}.Debug|Any CPU.ActiveCfg = Debug|Any CPU
		{68CEDF73-0564-4F30-B08F-AE571F456D7C}.Debug|Any CPU.Build.0 = Debug|Any CPU
		{68CEDF73-0564-4F30-B08F-AE571F456D7C}.Release|Any CPU.ActiveCfg = Release|Any CPU
		{68CEDF73-0564-4F30-B08F-AE571F456D7C}.Release|Any CPU.Build.0 = Release|Any CPU
		{FDC0991E-05AC-4BEB-BEA8-EDF454D0E21C}.Debug|Any CPU.ActiveCfg = Debug|Any CPU
		{FDC0991E-05AC-4BEB-BEA8-EDF454D0E21C}.Debug|Any CPU.Build.0 = Debug|Any CPU
		{FDC0991E-05AC-4BEB-BEA8-EDF454D0E21C}.Release|Any CPU.ActiveCfg = Release|Any CPU
		{FDC0991E-05AC-4BEB-BEA8-EDF454D0E21C}.Release|Any CPU.Build.0 = Release|Any CPU
		{EA0E9EEF-B5D6-4B93-9FA9-889876991E0D}.Debug|Any CPU.ActiveCfg = Debug|Any CPU
		{EA0E9EEF-B5D6-4B93-9FA9-889876991E0D}.Debug|Any CPU.Build.0 = Debug|Any CPU
		{EA0E9EEF-B5D6-4B93-9FA9-889876991E0D}.Release|Any CPU.ActiveCfg = Release|Any CPU
		{EA0E9EEF-B5D6-4B93-9FA9-889876991E0D}.Release|Any CPU.Build.0 = Release|Any CPU
		{328A5911-8AC8-46F7-8D41-88FA65B80D00}.Debug|Any CPU.ActiveCfg = Debug|Any CPU
		{328A5911-8AC8-46F7-8D41-88FA65B80D00}.Debug|Any CPU.Build.0 = Debug|Any CPU
		{328A5911-8AC8-46F7-8D41-88FA65B80D00}.Release|Any CPU.ActiveCfg = Release|Any CPU
		{328A5911-8AC8-46F7-8D41-88FA65B80D00}.Release|Any CPU.Build.0 = Release|Any CPU
		{A858B7CD-0343-4546-910D-27ACF9D3382F}.Debug|Any CPU.ActiveCfg = Debug|Any CPU
		{A858B7CD-0343-4546-910D-27ACF9D3382F}.Debug|Any CPU.Build.0 = Debug|Any CPU
		{A858B7CD-0343-4546-910D-27ACF9D3382F}.Release|Any CPU.ActiveCfg = Release|Any CPU
		{A858B7CD-0343-4546-910D-27ACF9D3382F}.Release|Any CPU.Build.0 = Release|Any CPU
		{B4E0785D-81C9-446E-8F79-FA9E52060C88}.Debug|Any CPU.ActiveCfg = Debug|Any CPU
		{B4E0785D-81C9-446E-8F79-FA9E52060C88}.Debug|Any CPU.Build.0 = Debug|Any CPU
		{B4E0785D-81C9-446E-8F79-FA9E52060C88}.Release|Any CPU.ActiveCfg = Release|Any CPU
		{B4E0785D-81C9-446E-8F79-FA9E52060C88}.Release|Any CPU.Build.0 = Release|Any CPU
		{D76FC389-B27F-4665-923D-664B58948C73}.Debug|Any CPU.ActiveCfg = Debug|Any CPU
		{D76FC389-B27F-4665-923D-664B58948C73}.Debug|Any CPU.Build.0 = Debug|Any CPU
		{D76FC389-B27F-4665-923D-664B58948C73}.Release|Any CPU.ActiveCfg = Release|Any CPU
		{D76FC389-B27F-4665-923D-664B58948C73}.Release|Any CPU.Build.0 = Release|Any CPU
		{D93BD9A4-4E1E-4459-8480-72FDFA4E1924}.Debug|Any CPU.ActiveCfg = Debug|Any CPU
		{D93BD9A4-4E1E-4459-8480-72FDFA4E1924}.Debug|Any CPU.Build.0 = Debug|Any CPU
		{D93BD9A4-4E1E-4459-8480-72FDFA4E1924}.Release|Any CPU.ActiveCfg = Release|Any CPU
		{D93BD9A4-4E1E-4459-8480-72FDFA4E1924}.Release|Any CPU.Build.0 = Release|Any CPU
		{437A26DC-712F-428F-91BE-C35F5186829E}.Debug|Any CPU.ActiveCfg = Debug|Any CPU
		{437A26DC-712F-428F-91BE-C35F5186829E}.Debug|Any CPU.Build.0 = Debug|Any CPU
		{437A26DC-712F-428F-91BE-C35F5186829E}.Release|Any CPU.ActiveCfg = Release|Any CPU
		{437A26DC-712F-428F-91BE-C35F5186829E}.Release|Any CPU.Build.0 = Release|Any CPU
		{FE578CAE-EC68-4C98-98DE-991BC88A270A}.Debug|Any CPU.ActiveCfg = Debug|Any CPU
		{FE578CAE-EC68-4C98-98DE-991BC88A270A}.Debug|Any CPU.Build.0 = Debug|Any CPU
		{FE578CAE-EC68-4C98-98DE-991BC88A270A}.Release|Any CPU.ActiveCfg = Release|Any CPU
		{FE578CAE-EC68-4C98-98DE-991BC88A270A}.Release|Any CPU.Build.0 = Release|Any CPU
		{3F326685-24C7-4F95-AE9D-10D062DFE205}.Debug|Any CPU.ActiveCfg = Debug|Any CPU
		{3F326685-24C7-4F95-AE9D-10D062DFE205}.Debug|Any CPU.Build.0 = Debug|Any CPU
		{3F326685-24C7-4F95-AE9D-10D062DFE205}.Release|Any CPU.ActiveCfg = Release|Any CPU
		{3F326685-24C7-4F95-AE9D-10D062DFE205}.Release|Any CPU.Build.0 = Release|Any CPU
	EndGlobalSection
	GlobalSection(NestedProjects) = preSolution
		{6290322D-02BA-48DC-84C2-4D2EE50C9C32} = {A9DB8E8E-0307-4B07-8FC4-ACE2078F1204}
		{404C5FA8-0246-4E6C-9B9D-85B1A2BD94DB} = {A9DB8E8E-0307-4B07-8FC4-ACE2078F1204}
		{2CED9F3E-B327-4BA7-97F0-75AF5A8467EE} = {A9DB8E8E-0307-4B07-8FC4-ACE2078F1204}
		{78193161-8D42-4596-9343-3F1902E3D778} = {A9DB8E8E-0307-4B07-8FC4-ACE2078F1204}
		{206D64B8-35C7-461B-B2FC-03F0C3415FD0} = {A9DB8E8E-0307-4B07-8FC4-ACE2078F1204}
		{61819E95-E769-4E19-8629-B8FF3E9EF425} = {A9DB8E8E-0307-4B07-8FC4-ACE2078F1204}
		{8E9E9675-A072-4930-8A3C-C7E9A49A7D51} = {A9DB8E8E-0307-4B07-8FC4-ACE2078F1204}
		{9E8D90C8-9A77-4F07-8E8F-60A4EA74E862} = {A9DB8E8E-0307-4B07-8FC4-ACE2078F1204}
		{394149C7-2242-4466-A7A5-6747A99FD715} = {A9DB8E8E-0307-4B07-8FC4-ACE2078F1204}
		{68CEDF73-0564-4F30-B08F-AE571F456D7C} = {A9DB8E8E-0307-4B07-8FC4-ACE2078F1204}
		{FDC0991E-05AC-4BEB-BEA8-EDF454D0E21C} = {A9DB8E8E-0307-4B07-8FC4-ACE2078F1204}
		{EA0E9EEF-B5D6-4B93-9FA9-889876991E0D} = {14F42EC2-57D6-4D9F-A494-B6579FBC4CE9}
		{328A5911-8AC8-46F7-8D41-88FA65B80D00} = {71B7B0AD-BAA0-4427-A77F-682599AF9157}
		{A858B7CD-0343-4546-910D-27ACF9D3382F} = {14F42EC2-57D6-4D9F-A494-B6579FBC4CE9}
		{B4E0785D-81C9-446E-8F79-FA9E52060C88} = {71B7B0AD-BAA0-4427-A77F-682599AF9157}
		{D76FC389-B27F-4665-923D-664B58948C73} = {04CF0046-3A08-4339-A85E-49DA116D78E3}
		{D93BD9A4-4E1E-4459-8480-72FDFA4E1924} = {A9DB8E8E-0307-4B07-8FC4-ACE2078F1204}
		{437A26DC-712F-428F-91BE-C35F5186829E} = {A9DB8E8E-0307-4B07-8FC4-ACE2078F1204}
		{FE578CAE-EC68-4C98-98DE-991BC88A270A} = {71B7B0AD-BAA0-4427-A77F-682599AF9157}
		{9AD10D26-8EA9-41F0-8D22-B48F110C1D17} = {A9DB8E8E-0307-4B07-8FC4-ACE2078F1204}
		{3F326685-24C7-4F95-AE9D-10D062DFE205} = {9AD10D26-8EA9-41F0-8D22-B48F110C1D17}
	EndGlobalSection
EndGlobal
